
Microsoft Visual Studio Solution File, Format Version 12.00
# Visual Studio 15
VisualStudioVersion = 15.0.28307.421
MinimumVisualStudioVersion = 10.0.40219.1
Project("{9A19103F-16F7-4668-BE54-9A1E7A4F7556}") = "SportStore", "SportStore\SportStore.csproj", "{51AB7ED8-4184-4C77-AF60-092B3647F1A3}"
EndProject
Project("{9A19103F-16F7-4668-BE54-9A1E7A4F7556}") = "SportStore.Tests", "SportStore.Tests\SportStore.Tests.csproj", "{3FD9233D-7425-4A7A-9748-6ABD7369EBCC}"
EndProject
Global
	GlobalSection(SolutionConfigurationPlatforms) = preSolution
		Debug|Any CPU = Debug|Any CPU
		Release|Any CPU = Release|Any CPU
	EndGlobalSection
	GlobalSection(ProjectConfigurationPlatforms) = postSolution
		{51AB7ED8-4184-4C77-AF60-092B3647F1A3}.Debug|Any CPU.ActiveCfg = Debug|Any CPU
		{51AB7ED8-4184-4C77-AF60-092B3647F1A3}.Debug|Any CPU.Build.0 = Debug|Any CPU
		{51AB7ED8-4184-4C77-AF60-092B3647F1A3}.Release|Any CPU.ActiveCfg = Release|Any CPU
		{51AB7ED8-4184-4C77-AF60-092B3647F1A3}.Release|Any CPU.Build.0 = Release|Any CPU
		{3FD9233D-7425-4A7A-9748-6ABD7369EBCC}.Debug|Any CPU.ActiveCfg = Debug|Any CPU
		{3FD9233D-7425-4A7A-9748-6ABD7369EBCC}.Debug|Any CPU.Build.0 = Debug|Any CPU
		{3FD9233D-7425-4A7A-9748-6ABD7369EBCC}.Release|Any CPU.ActiveCfg = Release|Any CPU
		{3FD9233D-7425-4A7A-9748-6ABD7369EBCC}.Release|Any CPU.Build.0 = Release|Any CPU
	EndGlobalSection
	GlobalSection(SolutionProperties) = preSolution
		HideSolutionNode = FALSE
	EndGlobalSection
	GlobalSection(ExtensibilityGlobals) = postSolution
		SolutionGuid = {B54470EF-AB3C-4024-8C91-95271D757B18}
	EndGlobalSection
EndGlobal
